
Microsoft Visual Studio Solution File, Format Version 12.00
# Visual Studio Version 17
VisualStudioVersion = 17.4.33213.308
MinimumVisualStudioVersion = 10.0.40219.1
Project("{9A19103F-16F7-4668-BE54-9A1E7A4F7556}") = "PropertyGuru.FastKey.Utilities", "PropertyGuru.FastKey.Utilities.csproj", "{7AEBF437-7F30-410B-8AD7-B9B6818BBBF8}"
EndProject
Global
	GlobalSection(SolutionConfigurationPlatforms) = preSolution
		Debug|Any CPU = Debug|Any CPU
		Release|Any CPU = Release|Any CPU
	EndGlobalSection
	GlobalSection(ProjectConfigurationPlatforms) = postSolution
		{7AEBF437-7F30-410B-8AD7-B9B6818BBBF8}.Debug|Any CPU.ActiveCfg = Debug|Any CPU
		{7AEBF437-7F30-410B-8AD7-B9B6818BBBF8}.Debug|Any CPU.Build.0 = Debug|Any CPU
		{7AEBF437-7F30-410B-8AD7-B9B6818BBBF8}.Release|Any CPU.ActiveCfg = Release|Any CPU
		{7AEBF437-7F30-410B-8AD7-B9B6818BBBF8}.Release|Any CPU.Build.0 = Release|Any CPU
	EndGlobalSection
	GlobalSection(SolutionProperties) = preSolution
		HideSolutionNode = FALSE
	EndGlobalSection
	GlobalSection(ExtensibilityGlobals) = postSolution
		SolutionGuid = {410DC439-F72F-46BF-B22E-D92706AD5BED}
	EndGlobalSection
EndGlobal
